
Microsoft Visual Studio Solution File, Format Version 12.00
# Visual Studio Version 17
VisualStudioVersion = 17.9.34723.18
MinimumVisualStudioVersion = 10.0.40219.1
Project("{FAE04EC0-301F-11D3-BF4B-00C04F79EFBC}") = "lab5", "lab5\lab5.csproj", "{25141956-2FBE-4218-B7FB-29AE5F466B17}"
EndProject
Global
	GlobalSection(SolutionConfigurationPlatforms) = preSolution
		Debug|Any CPU = Debug|Any CPU
		Release|Any CPU = Release|Any CPU
	EndGlobalSection
	GlobalSection(ProjectConfigurationPlatforms) = postSolution
		{25141956-2FBE-4218-B7FB-29AE5F466B17}.Debug|Any CPU.ActiveCfg = Debug|Any CPU
		{25141956-2FBE-4218-B7FB-29AE5F466B17}.Debug|Any CPU.Build.0 = Debug|Any CPU
		{25141956-2FBE-4218-B7FB-29AE5F466B17}.Release|Any CPU.ActiveCfg = Release|Any CPU
		{25141956-2FBE-4218-B7FB-29AE5F466B17}.Release|Any CPU.Build.0 = Release|Any CPU
	EndGlobalSection
	GlobalSection(SolutionProperties) = preSolution
		HideSolutionNode = FALSE
	EndGlobalSection
	GlobalSection(ExtensibilityGlobals) = postSolution
		SolutionGuid = {774C4807-2C7A-40C8-89BB-F89122587C7B}
	EndGlobalSection
EndGlobal
